{
    "_readme": [
        "This file locks the dependencies of your project to a known state",
        "Read more about it at https://getcomposer.org/doc/01-basic-usage.md#installing-dependencies",
        "This file is @generated automatically"
    ],
    "content-hash": "84bfbca411ffece9a393de930a77cb65",
    "packages": [
        {
            "name": "npm-asset/upup",
            "version": "1.1.0",
            "dist": {
                "type": "tar",
                "url": "https://registry.npmjs.org/upup/-/upup-1.1.0.tgz"
            },
            "type": "npm-asset",
            "license": [
                "MIT"
            ]
        }
    ],
    "packages-dev": [],
    "aliases": [],
    "minimum-stability": "stable",
    "stability-flags": [],
    "prefer-stable": false,
    "prefer-lowest": false,
    "platform": [],
    "platform-dev": [],
    "plugin-api-version": "2.6.0"
}
